// !$*UTF8*$!
{
	archiveVersion = 1;
	classes = {
	};
	objectVersion = 55;
	objects = {

/* Begin PBXBuildFile section */
		817112612819EA9900E29A7E /* AnnouncementsApp.swift in Sources */ = {isa = PBXBuildFile; fileRef = 817112602819EA9900E29A7E /* AnnouncementsApp.swift */; };
		817112652819EA9A00E29A7E /* Assets.xcassets in Resources */ = {isa = PBXBuildFile; fileRef = 817112642819EA9A00E29A7E /* Assets.xcassets */; };
		817112682819EA9A00E29A7E /* Preview Assets.xcassets in Resources */ = {isa = PBXBuildFile; fileRef = 817112672819EA9A00E29A7E /* Preview Assets.xcassets */; };
		817112702819EAED00E29A7E /* AnnouncementDetailView.swift in Sources */ = {isa = PBXBuildFile; fileRef = 8171126F2819EAED00E29A7E /* AnnouncementDetailView.swift */; };
		817112732819EB6100E29A7E /* RemoteImageView.swift in Sources */ = {isa = PBXBuildFile; fileRef = 817112722819EB3300E29A7E /* RemoteImageView.swift */; };
		817112762819ECA500E29A7E /* Announcement.swift in Sources */ = {isa = PBXBuildFile; fileRef = 817112752819ECA500E29A7E /* Announcement.swift */; };
		817112782819F07300E29A7E /* AnnouncementsListView.swift in Sources */ = {isa = PBXBuildFile; fileRef = 817112772819F07300E29A7E /* AnnouncementsListView.swift */; };
		8171127A2819F3A100E29A7E /* ListItemView.swift in Sources */ = {isa = PBXBuildFile; fileRef = 817112792819F3A100E29A7E /* ListItemView.swift */; };
		81DDFF5C28252E6C008DED99 /* Announcements.swift in Sources */ = {isa = PBXBuildFile; fileRef = 81DDFF5B28252E6C008DED99 /* Announcements.swift */; };
		81DDFF5E28253909008DED99 /* SaveAnnouncementButtonView.swift in Sources */ = {isa = PBXBuildFile; fileRef = 81DDFF5D28253909008DED99 /* SaveAnnouncementButtonView.swift */; };
		81DDFF6028253AF2008DED99 /* SavedAnnouncementsListView.swift in Sources */ = {isa = PBXBuildFile; fileRef = 81DDFF5F28253AF1008DED99 /* SavedAnnouncementsListView.swift */; };
		81DDFF6228254309008DED99 /* SpinningStarView.swift in Sources */ = {isa = PBXBuildFile; fileRef = 81DDFF6128254309008DED99 /* SpinningStarView.swift */; };
		81DDFF6428254D8D008DED99 /* SavedAnnouncement.swift in Sources */ = {isa = PBXBuildFile; fileRef = 81DDFF6328254D8D008DED99 /* SavedAnnouncement.swift */; };
		81DDFF6628254EED008DED99 /* NewSavedAnnouncement.swift in Sources */ = {isa = PBXBuildFile; fileRef = 81DDFF6528254EED008DED99 /* NewSavedAnnouncement.swift */; };
/* End PBXBuildFile section */

/* Begin PBXFileReference section */
		8171125D2819EA9900E29A7E /* Announcements.app */ = {isa = PBXFileReference; explicitFileType = wrapper.application; includeInIndex = 0; path = Announcements.app; sourceTree = BUILT_PRODUCTS_DIR; };
		817112602819EA9900E29A7E /* AnnouncementsApp.swift */ = {isa = PBXFileReference; lastKnownFileType = sourcecode.swift; path = AnnouncementsApp.swift; sourceTree = "<group>"; };
		817112642819EA9A00E29A7E /* Assets.xcassets */ = {isa = PBXFileReference; lastKnownFileType = folder.assetcatalog; path = Assets.xcassets; sourceTree = "<group>"; };
		817112672819EA9A00E29A7E /* Preview Assets.xcassets */ = {isa = PBXFileReference; lastKnownFileType = folder.assetcatalog; path = "Preview Assets.xcassets"; sourceTree = "<group>"; };
		8171126F2819EAED00E29A7E /* AnnouncementDetailView.swift */ = {isa = PBXFileReference; lastKnownFileType = sourcecode.swift; path = AnnouncementDetailView.swift; sourceTree = "<group>"; };
		817112722819EB3300E29A7E /* RemoteImageView.swift */ = {isa = PBXFileReference; lastKnownFileType = sourcecode.swift; path = RemoteImageView.swift; sourceTree = "<group>"; };
		817112752819ECA500E29A7E /* Announcement.swift */ = {isa = PBXFileReference; lastKnownFileType = sourcecode.swift; path = Announcement.swift; sourceTree = "<group>"; };
		817112772819F07300E29A7E /* AnnouncementsListView.swift */ = {isa = PBXFileReference; lastKnownFileType = sourcecode.swift; path = AnnouncementsListView.swift; sourceTree = "<group>"; };
		817112792819F3A100E29A7E /* ListItemView.swift */ = {isa = PBXFileReference; lastKnownFileType = sourcecode.swift; path = ListItemView.swift; sourceTree = "<group>"; };
		81DDFF5B28252E6C008DED99 /* Announcements.swift */ = {isa = PBXFileReference; lastKnownFileType = sourcecode.swift; path = Announcements.swift; sourceTree = "<group>"; };
		81DDFF5D28253909008DED99 /* SaveAnnouncementButtonView.swift */ = {isa = PBXFileReference; lastKnownFileType = sourcecode.swift; path = SaveAnnouncementButtonView.swift; sourceTree = "<group>"; };
		81DDFF5F28253AF1008DED99 /* SavedAnnouncementsListView.swift */ = {isa = PBXFileReference; lastKnownFileType = sourcecode.swift; path = SavedAnnouncementsListView.swift; sourceTree = "<group>"; };
		81DDFF6128254309008DED99 /* SpinningStarView.swift */ = {isa = PBXFileReference; lastKnownFileType = sourcecode.swift; path = SpinningStarView.swift; sourceTree = "<group>"; };
		81DDFF6328254D8D008DED99 /* SavedAnnouncement.swift */ = {isa = PBXFileReference; lastKnownFileType = sourcecode.swift; path = SavedAnnouncement.swift; sourceTree = "<group>"; };
		81DDFF6528254EED008DED99 /* NewSavedAnnouncement.swift */ = {isa = PBXFileReference; lastKnownFileType = sourcecode.swift; path = NewSavedAnnouncement.swift; sourceTree = "<group>"; };
/* End PBXFileReference section */

/* Begin PBXFrameworksBuildPhase section */
		8171125A2819EA9900E29A7E /* Frameworks */ = {
			isa = PBXFrameworksBuildPhase;
			buildActionMask = 2147483647;
			files = (
			);
			runOnlyForDeploymentPostprocessing = 0;
		};
/* End PBXFrameworksBuildPhase section */

/* Begin PBXGroup section */
		817112542819EA9900E29A7E = {
			isa = PBXGroup;
			children = (
				8171125F2819EA9900E29A7E /* Announcements */,
				8171125E2819EA9900E29A7E /* Products */,
			);
			sourceTree = "<group>";
		};
		8171125E2819EA9900E29A7E /* Products */ = {
			isa = PBXGroup;
			children = (
				8171125D2819EA9900E29A7E /* Announcements.app */,
			);
			name = Products;
			sourceTree = "<group>";
		};
		8171125F2819EA9900E29A7E /* Announcements */ = {
			isa = PBXGroup;
			children = (
				817112602819EA9900E29A7E /* AnnouncementsApp.swift */,
				817112742819EBBE00E29A7E /* Model */,
				8171126E2819EAD400E29A7E /* Views */,
				817112642819EA9A00E29A7E /* Assets.xcassets */,
				817112662819EA9A00E29A7E /* Preview Content */,
			);
			path = Announcements;
			sourceTree = "<group>";
		};
		817112662819EA9A00E29A7E /* Preview Content */ = {
			isa = PBXGroup;
			children = (
				817112672819EA9A00E29A7E /* Preview Assets.xcassets */,
			);
			path = "Preview Content";
			sourceTree = "<group>";
		};
		8171126E2819EAD400E29A7E /* Views */ = {
			isa = PBXGroup;
			children = (
				817112712819EB2B00E29A7E /* Helpers */,
				8171126F2819EAED00E29A7E /* AnnouncementDetailView.swift */,
				817112772819F07300E29A7E /* AnnouncementsListView.swift */,
				81DDFF5F28253AF1008DED99 /* SavedAnnouncementsListView.swift */,
			);
			path = Views;
			sourceTree = "<group>";
		};
		817112712819EB2B00E29A7E /* Helpers */ = {
			isa = PBXGroup;
			children = (
				817112792819F3A100E29A7E /* ListItemView.swift */,
				817112722819EB3300E29A7E /* RemoteImageView.swift */,
				81DDFF6128254309008DED99 /* SpinningStarView.swift */,
				81DDFF5D28253909008DED99 /* SaveAnnouncementButtonView.swift */,
			);
			path = Helpers;
			sourceTree = "<group>";
		};
		817112742819EBBE00E29A7E /* Model */ = {
			isa = PBXGroup;
			children = (
				817112752819ECA500E29A7E /* Announcement.swift */,
				81DDFF5B28252E6C008DED99 /* Announcements.swift */,
				81DDFF6328254D8D008DED99 /* SavedAnnouncement.swift */,
				81DDFF6528254EED008DED99 /* NewSavedAnnouncement.swift */,
			);
			path = Model;
			sourceTree = "<group>";
		};
/* End PBXGroup section */

/* Begin PBXNativeTarget section */
		8171125C2819EA9900E29A7E /* Announcements */ = {
			isa = PBXNativeTarget;
			buildConfigurationList = 8171126B2819EA9A00E29A7E /* Build configuration list for PBXNativeTarget "Announcements" */;
			buildPhases = (
				817112592819EA9900E29A7E /* Sources */,
				8171125A2819EA9900E29A7E /* Frameworks */,
				8171125B2819EA9900E29A7E /* Resources */,
			);
			buildRules = (
			);
			dependencies = (
			);
			name = Announcements;
			productName = Announcements;
			productReference = 8171125D2819EA9900E29A7E /* Announcements.app */;
			productType = "com.apple.product-type.application";
		};
/* End PBXNativeTarget section */

/* Begin PBXProject section */
		817112552819EA9900E29A7E /* Project object */ = {
			isa = PBXProject;
			attributes = {
				BuildIndependentTargetsInParallel = 1;
				LastSwiftUpdateCheck = 1330;
				LastUpgradeCheck = 1330;
				TargetAttributes = {
					8171125C2819EA9900E29A7E = {
						CreatedOnToolsVersion = 13.3;
					};
				};
			};
			buildConfigurationList = 817112582819EA9900E29A7E /* Build configuration list for PBXProject "Announcements" */;
			compatibilityVersion = "Xcode 13.0";
			developmentRegion = en;
			hasScannedForEncodings = 0;
			knownRegions = (
				en,
				Base,
			);
			mainGroup = 817112542819EA9900E29A7E;
			productRefGroup = 8171125E2819EA9900E29A7E /* Products */;
			projectDirPath = "";
			projectRoot = "";
			targets = (
				8171125C2819EA9900E29A7E /* Announcements */,
			);
		};
/* End PBXProject section */

/* Begin PBXResourcesBuildPhase section */
		8171125B2819EA9900E29A7E /* Resources */ = {
			isa = PBXResourcesBuildPhase;
			buildActionMask = 2147483647;
			files = (
				817112682819EA9A00E29A7E /* Preview Assets.xcassets in Resources */,
				817112652819EA9A00E29A7E /* Assets.xcassets in Resources */,
			);
			runOnlyForDeploymentPostprocessing = 0;
		};
/* End PBXResourcesBuildPhase section */

/* Begin PBXSourcesBuildPhase section */
		817112592819EA9900E29A7E /* Sources */ = {
			isa = PBXSourcesBuildPhase;
			buildActionMask = 2147483647;
			files = (
				817112782819F07300E29A7E /* AnnouncementsListView.swift in Sources */,
				81DDFF6028253AF2008DED99 /* SavedAnnouncementsListView.swift in Sources */,
				817112762819ECA500E29A7E /* Announcement.swift in Sources */,
				817112732819EB6100E29A7E /* RemoteImageView.swift in Sources */,
				81DDFF5C28252E6C008DED99 /* Announcements.swift in Sources */,
				81DDFF5E28253909008DED99 /* SaveAnnouncementButtonView.swift in Sources */,
				81DDFF6228254309008DED99 /* SpinningStarView.swift in Sources */,
				8171127A2819F3A100E29A7E /* ListItemView.swift in Sources */,
				817112702819EAED00E29A7E /* AnnouncementDetailView.swift in Sources */,
				81DDFF6628254EED008DED99 /* NewSavedAnnouncement.swift in Sources */,
				81DDFF6428254D8D008DED99 /* SavedAnnouncement.swift in Sources */,
				817112612819EA9900E29A7E /* AnnouncementsApp.swift in Sources */,
			);
			runOnlyForDeploymentPostprocessing = 0;
		};
/* End PBXSourcesBuildPhase section */

/* Begin XCBuildConfiguration section */
		817112692819EA9A00E29A7E /* Debug */ = {
			isa = XCBuildConfiguration;
			buildSettings = {
				ALWAYS_SEARCH_USER_PATHS = NO;
				CLANG_ANALYZER_NONNULL = YES;
				CLANG_ANALYZER_NUMBER_OBJECT_CONVERSION = YES_AGGRESSIVE;
				CLANG_CXX_LANGUAGE_STANDARD = "gnu++17";
				CLANG_ENABLE_MODULES = YES;
				CLANG_ENABLE_OBJC_ARC = YES;
				CLANG_ENABLE_OBJC_WEAK = YES;
				CLANG_WARN_BLOCK_CAPTURE_AUTORELEASING = YES;
				CLANG_WARN_BOOL_CONVERSION = YES;
				CLANG_WARN_COMMA = YES;
				CLANG_WARN_CONSTANT_CONVERSION = YES;
				CLANG_WARN_DEPRECATED_OBJC_IMPLEMENTATIONS = YES;
				CLANG_WARN_DIRECT_OBJC_ISA_USAGE = YES_ERROR;
				CLANG_WARN_DOCUMENTATION_COMMENTS = YES;
				CLANG_WARN_EMPTY_BODY = YES;
				CLANG_WARN_ENUM_CONVERSION = YES;
				CLANG_WARN_INFINITE_RECURSION = YES;
				CLANG_WARN_INT_CONVERSION = YES;
				CLANG_WARN_NON_LITERAL_NULL_CONVERSION = YES;
				CLANG_WARN_OBJC_IMPLICIT_RETAIN_SELF = YES;
				CLANG_WARN_OBJC_LITERAL_CONVERSION = YES;
				CLANG_WARN_OBJC_ROOT_CLASS = YES_ERROR;
				CLANG_WARN_QUOTED_INCLUDE_IN_FRAMEWORK_HEADER = YES;
				CLANG_WARN_RANGE_LOOP_ANALYSIS = YES;
				CLANG_WARN_STRICT_PROTOTYPES = YES;
				CLANG_WARN_SUSPICIOUS_MOVE = YES;
				CLANG_WARN_UNGUARDED_AVAILABILITY = YES_AGGRESSIVE;
				CLANG_WARN_UNREACHABLE_CODE = YES;
				CLANG_WARN__DUPLICATE_METHOD_MATCH = YES;
				COPY_PHASE_STRIP = NO;
				DEBUG_INFORMATION_FORMAT = dwarf;
				ENABLE_STRICT_OBJC_MSGSEND = YES;
				ENABLE_TESTABILITY = YES;
				GCC_C_LANGUAGE_STANDARD = gnu11;
				GCC_DYNAMIC_NO_PIC = NO;
				GCC_NO_COMMON_BLOCKS = YES;
				GCC_OPTIMIZATION_LEVEL = 0;
				GCC_PREPROCESSOR_DEFINITIONS = (
					"DEBUG=1",
					"$(inherited)",
				);
				GCC_WARN_64_TO_32_BIT_CONVERSION = YES;
				GCC_WARN_ABOUT_RETURN_TYPE = YES_ERROR;
				GCC_WARN_UNDECLARED_SELECTOR = YES;
				GCC_WARN_UNINITIALIZED_AUTOS = YES_AGGRESSIVE;
				GCC_WARN_UNUSED_FUNCTION = YES;
				GCC_WARN_UNUSED_VARIABLE = YES;
				IPHONEOS_DEPLOYMENT_TARGET = 15.4;
				MTL_ENABLE_DEBUG_INFO = INCLUDE_SOURCE;
				MTL_FAST_MATH = YES;
				ONLY_ACTIVE_ARCH = YES;
				SDKROOT = iphoneos;
				SWIFT_ACTIVE_COMPILATION_CONDITIONS = DEBUG;
				SWIFT_OPTIMIZATION_LEVEL = "-Onone";
			};
			name = Debug;
		};
		8171126A2819EA9A00E29A7E /* Release */ = {
			isa = XCBuildConfiguration;
			buildSettings = {
				ALWAYS_SEARCH_USER_PATHS = NO;
				CLANG_ANALYZER_NONNULL = YES;
				CLANG_ANALYZER_NUMBER_OBJECT_CONVERSION = YES_AGGRESSIVE;
				CLANG_CXX_LANGUAGE_STANDARD = "gnu++17";
				CLANG_ENABLE_MODULES = YES;
				CLANG_ENABLE_OBJC_ARC = YES;
				CLANG_ENABLE_OBJC_WEAK = YES;
				CLANG_WARN_BLOCK_CAPTURE_AUTORELEASING = YES;
				CLANG_WARN_BOOL_CONVERSION = YES;
				CLANG_WARN_COMMA = YES;
				CLANG_WARN_CONSTANT_CONVERSION = YES;
				CLANG_WARN_DEPRECATED_OBJC_IMPLEMENTATIONS = YES;
				CLANG_WARN_DIRECT_OBJC_ISA_USAGE = YES_ERROR;
				CLANG_WARN_DOCUMENTATION_COMMENTS = YES;
				CLANG_WARN_EMPTY_BODY = YES;
				CLANG_WARN_ENUM_CONVERSION = YES;
				CLANG_WARN_INFINITE_RECURSION = YES;
				CLANG_WARN_INT_CONVERSION = YES;
				CLANG_WARN_NON_LITERAL_NULL_CONVERSION = YES;
				CLANG_WARN_OBJC_IMPLICIT_RETAIN_SELF = YES;
				CLANG_WARN_OBJC_LITERAL_CONVERSION = YES;
				CLANG_WARN_OBJC_ROOT_CLASS = YES_ERROR;
				CLANG_WARN_QUOTED_INCLUDE_IN_FRAMEWORK_HEADER = YES;
				CLANG_WARN_RANGE_LOOP_ANALYSIS = YES;
				CLANG_WARN_STRICT_PROTOTYPES = YES;
				CLANG_WARN_SUSPICIOUS_MOVE = YES;
				CLANG_WARN_UNGUARDED_AVAILABILITY = YES_AGGRESSIVE;
				CLANG_WARN_UNREACHABLE_CODE = YES;
				CLANG_WARN__DUPLICATE_METHOD_MATCH = YES;
				COPY_PHASE_STRIP = NO;
				DEBUG_INFORMATION_FORMAT = "dwarf-with-dsym";
				ENABLE_NS_ASSERTIONS = NO;
				ENABLE_STRICT_OBJC_MSGSEND = YES;
				GCC_C_LANGUAGE_STANDARD = gnu11;
				GCC_NO_COMMON_BLOCKS = YES;
				GCC_WARN_64_TO_32_BIT_CONVERSION = YES;
				GCC_WARN_ABOUT_RETURN_TYPE = YES_ERROR;
				GCC_WARN_UNDECLARED_SELECTOR = YES;
				GCC_WARN_UNINITIALIZED_AUTOS = YES_AGGRESSIVE;
				GCC_WARN_UNUSED_FUNCTION = YES;
				GCC_WARN_UNUSED_VARIABLE = YES;
				IPHONEOS_DEPLOYMENT_TARGET = 15.4;
				MTL_ENABLE_DEBUG_INFO = NO;
				MTL_FAST_MATH = YES;
				SDKROOT = iphoneos;
				SWIFT_COMPILATION_MODE = wholemodule;
				SWIFT_OPTIMIZATION_LEVEL = "-O";
				VALIDATE_PRODUCT = YES;
			};
			name = Release;
		};
		8171126C2819EA9A00E29A7E /* Debug */ = {
			isa = XCBuildConfiguration;
			buildSettings = {
				ASSETCATALOG_COMPILER_APPICON_NAME = AppIcon;
				ASSETCATALOG_COMPILER_GLOBAL_ACCENT_COLOR_NAME = AccentColor;
				CODE_SIGN_STYLE = Automatic;
				CURRENT_PROJECT_VERSION = 1;
				DEVELOPMENT_ASSET_PATHS = "\"Announcements/Preview Content\"";
				ENABLE_PREVIEWS = YES;
				GENERATE_INFOPLIST_FILE = YES;
				INFOPLIST_KEY_UIApplicationSceneManifest_Generation = YES;
				INFOPLIST_KEY_UIApplicationSupportsIndirectInputEvents = YES;
				INFOPLIST_KEY_UILaunchScreen_Generation = YES;
				INFOPLIST_KEY_UISupportedInterfaceOrientations_iPad = "UIInterfaceOrientationPortrait UIInterfaceOrientationPortraitUpsideDown UIInterfaceOrientationLandscapeLeft UIInterfaceOrientationLandscapeRight";
				INFOPLIST_KEY_UISupportedInterfaceOrientations_iPhone = "UIInterfaceOrientationPortrait UIInterfaceOrientationLandscapeLeft UIInterfaceOrientationLandscapeRight";
				LD_RUNPATH_SEARCH_PATHS = (
					"$(inherited)",
					"@executable_path/Frameworks",
				);
				MARKETING_VERSION = 1.0;
				PRODUCT_BUNDLE_IDENTIFIER = ca.on.lcs.Announcements;
				PRODUCT_NAME = "$(TARGET_NAME)";
				SWIFT_EMIT_LOC_STRINGS = YES;
				SWIFT_VERSION = 5.0;
				TARGETED_DEVICE_FAMILY = "1,2";
			};
			name = Debug;
		};
		8171126D2819EA9A00E29A7E /* Release */ = {
			isa = XCBuildConfiguration;
			buildSettings = {
				ASSETCATALOG_COMPILER_APPICON_NAME = AppIcon;
				ASSETCATALOG_COMPILER_GLOBAL_ACCENT_COLOR_NAME = AccentColor;
				CODE_SIGN_STYLE = Automatic;
				CURRENT_PROJECT_VERSION = 1;
				DEVELOPMENT_ASSET_PATHS = "\"Announcements/Preview Content\"";
				ENABLE_PREVIEWS = YES;
				GENERATE_INFOPLIST_FILE = YES;
				INFOPLIST_KEY_UIApplicationSceneManifest_Generation = YES;
				INFOPLIST_KEY_UIApplicationSupportsIndirectInputEvents = YES;
				INFOPLIST_KEY_UILaunchScreen_Generation = YES;
				INFOPLIST_KEY_UISupportedInterfaceOrientations_iPad = "UIInterfaceOrientationPortrait UIInterfaceOrientationPortraitUpsideDown UIInterfaceOrientationLandscapeLeft UIInterfaceOrientationLandscapeRight";
				INFOPLIST_KEY_UISupportedInterfaceOrientations_iPhone = "UIInterfaceOrientationPortrait UIInterfaceOrientationLandscapeLeft UIInterfaceOrientationLandscapeRight";
				LD_RUNPATH_SEARCH_PATHS = (
					"$(inherited)",
					"@executable_path/Frameworks",
				);
				MARKETING_VERSION = 1.0;
				PRODUCT_BUNDLE_IDENTIFIER = ca.on.lcs.Announcements;
				PRODUCT_NAME = "$(TARGET_NAME)";
				SWIFT_EMIT_LOC_STRINGS = YES;
				SWIFT_VERSION = 5.0;
				TARGETED_DEVICE_FAMILY = "1,2";
			};
			name = Release;
		};
/* End XCBuildConfiguration section */

/* Begin XCConfigurationList section */
		817112582819EA9900E29A7E /* Build configuration list for PBXProject "Announcements" */ = {
			isa = XCConfigurationList;
			buildConfigurations = (
				817112692819EA9A00E29A7E /* Debug */,
				8171126A2819EA9A00E29A7E /* Release */,
			);
			defaultConfigurationIsVisible = 0;
			defaultConfigurationName = Release;
		};
		8171126B2819EA9A00E29A7E /* Build configuration list for PBXNativeTarget "Announcements" */ = {
			isa = XCConfigurationList;
			buildConfigurations = (
				8171126C2819EA9A00E29A7E /* Debug */,
				8171126D2819EA9A00E29A7E /* Release */,
			);
			defaultConfigurationIsVisible = 0;
			defaultConfigurationName = Release;
		};
/* End XCConfigurationList section */
	};
	rootObject = 817112552819EA9900E29A7E /* Project object */;
}
